// !$*UTF8*$!
{
	archiveVersion = 1;
	classes = {
	};
	objectVersion = 56;
	objects = {

/* Begin PBXBuildFile section */
		81F66E2E2A0B738C000EBE48 /* JobTrackerApp.swift in Sources */ = {isa = PBXBuildFile; fileRef = 81F66E2D2A0B738C000EBE48 /* JobTrackerApp.swift */; };
		81F66E302A0B738C000EBE48 /* ContentView.swift in Sources */ = {isa = PBXBuildFile; fileRef = 81F66E2F2A0B738C000EBE48 /* ContentView.swift */; };
		81F66E322A0B738D000EBE48 /* Assets.xcassets in Resources */ = {isa = PBXBuildFile; fileRef = 81F66E312A0B738D000EBE48 /* Assets.xcassets */; };
		81F66E352A0B738D000EBE48 /* Preview Assets.xcassets in Resources */ = {isa = PBXBuildFile; fileRef = 81F66E342A0B738D000EBE48 /* Preview Assets.xcassets */; };
		81F66E3D2A0B73D8000EBE48 /* ColorExtensions.swift in Sources */ = {isa = PBXBuildFile; fileRef = 81F66E3C2A0B73D8000EBE48 /* ColorExtensions.swift */; };
		81F66E3F2A0B73F0000EBE48 /* ViewModifiers.swift in Sources */ = {isa = PBXBuildFile; fileRef = 81F66E3E2A0B73F0000EBE48 /* ViewModifiers.swift */; };
		81F66E442A0B7485000EBE48 /* JobProgress.swift in Sources */ = {isa = PBXBuildFile; fileRef = 81F66E432A0B7485000EBE48 /* JobProgress.swift */; };
		81F66E462A0B74A1000EBE48 /* Resume.swift in Sources */ = {isa = PBXBuildFile; fileRef = 81F66E452A0B74A1000EBE48 /* Resume.swift */; };
		81F66E492A0B74BE000EBE48 /* JobsViewModel.swift in Sources */ = {isa = PBXBuildFile; fileRef = 81F66E482A0B74BE000EBE48 /* JobsViewModel.swift */; };
		81F66E4C2A0B74DB000EBE48 /* JobEditView.swift in Sources */ = {isa = PBXBuildFile; fileRef = 81F66E4B2A0B74DB000EBE48 /* JobEditView.swift */; };
		81F66E4E2A0B74EF000EBE48 /* JobProgressView.swift in Sources */ = {isa = PBXBuildFile; fileRef = 81F66E4D2A0B74EF000EBE48 /* JobProgressView.swift */; };
		81F66E502A0B7504000EBE48 /* ListView.swift in Sources */ = {isa = PBXBuildFile; fileRef = 81F66E4F2A0B7504000EBE48 /* ListView.swift */; };
		81F66E522A0B751D000EBE48 /* NewJobView.swift in Sources */ = {isa = PBXBuildFile; fileRef = 81F66E512A0B751D000EBE48 /* NewJobView.swift */; };
		81F66E542A0B7532000EBE48 /* NewResumeView.swift in Sources */ = {isa = PBXBuildFile; fileRef = 81F66E532A0B7532000EBE48 /* NewResumeView.swift */; };
		81F66E562A0B754B000EBE48 /* ResumeTemplateView.swift in Sources */ = {isa = PBXBuildFile; fileRef = 81F66E552A0B754B000EBE48 /* ResumeTemplateView.swift */; };
		81F66E582A0B7564000EBE48 /* ResumeView.swift in Sources */ = {isa = PBXBuildFile; fileRef = 81F66E572A0B7564000EBE48 /* ResumeView.swift */; };
		81F66E5A2A0B757C000EBE48 /* TagView.swift in Sources */ = {isa = PBXBuildFile; fileRef = 81F66E592A0B757C000EBE48 /* TagView.swift */; };
		81F66E6D2A0BC0F1000EBE48 /* Job.swift in Sources */ = {isa = PBXBuildFile; fileRef = 81F66E6C2A0BC0F1000EBE48 /* Job.swift */; };
/* End PBXBuildFile section */

/* Begin PBXFileReference section */
		81F66E2A2A0B738C000EBE48 /* JobTracker.app */ = {isa = PBXFileReference; explicitFileType = wrapper.application; includeInIndex = 0; path = JobTracker.app; sourceTree = BUILT_PRODUCTS_DIR; };
		81F66E2D2A0B738C000EBE48 /* JobTrackerApp.swift */ = {isa = PBXFileReference; lastKnownFileType = sourcecode.swift; path = JobTrackerApp.swift; sourceTree = "<group>"; };
		81F66E2F2A0B738C000EBE48 /* ContentView.swift */ = {isa = PBXFileReference; lastKnownFileType = sourcecode.swift; path = ContentView.swift; sourceTree = "<group>"; };
		81F66E312A0B738D000EBE48 /* Assets.xcassets */ = {isa = PBXFileReference; lastKnownFileType = folder.assetcatalog; path = Assets.xcassets; sourceTree = "<group>"; };
		81F66E342A0B738D000EBE48 /* Preview Assets.xcassets */ = {isa = PBXFileReference; lastKnownFileType = folder.assetcatalog; path = "Preview Assets.xcassets"; sourceTree = "<group>"; };
		81F66E3C2A0B73D8000EBE48 /* ColorExtensions.swift */ = {isa = PBXFileReference; lastKnownFileType = sourcecode.swift; path = ColorExtensions.swift; sourceTree = "<group>"; };
		81F66E3E2A0B73F0000EBE48 /* ViewModifiers.swift */ = {isa = PBXFileReference; lastKnownFileType = sourcecode.swift; path = ViewModifiers.swift; sourceTree = "<group>"; };
		81F66E432A0B7485000EBE48 /* JobProgress.swift */ = {isa = PBXFileReference; lastKnownFileType = sourcecode.swift; path = JobProgress.swift; sourceTree = "<group>"; };
		81F66E452A0B74A1000EBE48 /* Resume.swift */ = {isa = PBXFileReference; lastKnownFileType = sourcecode.swift; path = Resume.swift; sourceTree = "<group>"; };
		81F66E482A0B74BE000EBE48 /* JobsViewModel.swift */ = {isa = PBXFileReference; lastKnownFileType = sourcecode.swift; path = JobsViewModel.swift; sourceTree = "<group>"; };
		81F66E4B2A0B74DB000EBE48 /* JobEditView.swift */ = {isa = PBXFileReference; lastKnownFileType = sourcecode.swift; path = JobEditView.swift; sourceTree = "<group>"; };
		81F66E4D2A0B74EF000EBE48 /* JobProgressView.swift */ = {isa = PBXFileReference; lastKnownFileType = sourcecode.swift; path = JobProgressView.swift; sourceTree = "<group>"; };
		81F66E4F2A0B7504000EBE48 /* ListView.swift */ = {isa = PBXFileReference; lastKnownFileType = sourcecode.swift; path = ListView.swift; sourceTree = "<group>"; };
		81F66E512A0B751D000EBE48 /* NewJobView.swift */ = {isa = PBXFileReference; lastKnownFileType = sourcecode.swift; path = NewJobView.swift; sourceTree = "<group>"; };
		81F66E532A0B7532000EBE48 /* NewResumeView.swift */ = {isa = PBXFileReference; lastKnownFileType = sourcecode.swift; path = NewResumeView.swift; sourceTree = "<group>"; };
		81F66E552A0B754B000EBE48 /* ResumeTemplateView.swift */ = {isa = PBXFileReference; lastKnownFileType = sourcecode.swift; path = ResumeTemplateView.swift; sourceTree = "<group>"; };
		81F66E572A0B7564000EBE48 /* ResumeView.swift */ = {isa = PBXFileReference; lastKnownFileType = sourcecode.swift; path = ResumeView.swift; sourceTree = "<group>"; };
		81F66E592A0B757C000EBE48 /* TagView.swift */ = {isa = PBXFileReference; lastKnownFileType = sourcecode.swift; path = TagView.swift; sourceTree = "<group>"; };
		81F66E6C2A0BC0F1000EBE48 /* Job.swift */ = {isa = PBXFileReference; lastKnownFileType = sourcecode.swift; path = Job.swift; sourceTree = "<group>"; };
/* End PBXFileReference section */

/* Begin PBXFrameworksBuildPhase section */
		81F66E272A0B738C000EBE48 /* Frameworks */ = {
			isa = PBXFrameworksBuildPhase;
			buildActionMask = 2147483647;
			files = (
			);
			runOnlyForDeploymentPostprocessing = 0;
		};
/* End PBXFrameworksBuildPhase section */

/* Begin PBXGroup section */
		81F66E212A0B738C000EBE48 = {
			isa = PBXGroup;
			children = (
				81F66E2C2A0B738C000EBE48 /* JobTracker */,
				81F66E2B2A0B738C000EBE48 /* Products */,
			);
			sourceTree = "<group>";
		};
		81F66E2B2A0B738C000EBE48 /* Products */ = {
			isa = PBXGroup;
			children = (
				81F66E2A2A0B738C000EBE48 /* JobTracker.app */,
			);
			name = Products;
			sourceTree = "<group>";
		};
		81F66E2C2A0B738C000EBE48 /* JobTracker */ = {
			isa = PBXGroup;
			children = (
				81F66E4A2A0B74C7000EBE48 /* Views */,
				81F66E472A0B74B3000EBE48 /* ViewModels */,
				81F66E402A0B7466000EBE48 /* Models */,
				81F66E3B2A0B73C7000EBE48 /* Extensions */,
				81F66E2D2A0B738C000EBE48 /* JobTrackerApp.swift */,
				81F66E2F2A0B738C000EBE48 /* ContentView.swift */,
				81F66E312A0B738D000EBE48 /* Assets.xcassets */,
				81F66E332A0B738D000EBE48 /* Preview Content */,
			);
			path = JobTracker;
			sourceTree = "<group>";
		};
		81F66E332A0B738D000EBE48 /* Preview Content */ = {
			isa = PBXGroup;
			children = (
				81F66E342A0B738D000EBE48 /* Preview Assets.xcassets */,
			);
			path = "Preview Content";
			sourceTree = "<group>";
		};
		81F66E3B2A0B73C7000EBE48 /* Extensions */ = {
			isa = PBXGroup;
			children = (
				81F66E3C2A0B73D8000EBE48 /* ColorExtensions.swift */,
				81F66E3E2A0B73F0000EBE48 /* ViewModifiers.swift */,
			);
			path = Extensions;
			sourceTree = "<group>";
		};
		81F66E402A0B7466000EBE48 /* Models */ = {
			isa = PBXGroup;
			children = (
				81F66E432A0B7485000EBE48 /* JobProgress.swift */,
				81F66E452A0B74A1000EBE48 /* Resume.swift */,
				81F66E6C2A0BC0F1000EBE48 /* Job.swift */,
			);
			path = Models;
			sourceTree = "<group>";
		};
		81F66E472A0B74B3000EBE48 /* ViewModels */ = {
			isa = PBXGroup;
			children = (
				81F66E482A0B74BE000EBE48 /* JobsViewModel.swift */,
			);
			path = ViewModels;
			sourceTree = "<group>";
		};
		81F66E4A2A0B74C7000EBE48 /* Views */ = {
			isa = PBXGroup;
			children = (
				81F66E4B2A0B74DB000EBE48 /* JobEditView.swift */,
				81F66E4D2A0B74EF000EBE48 /* JobProgressView.swift */,
				81F66E4F2A0B7504000EBE48 /* ListView.swift */,
				81F66E512A0B751D000EBE48 /* NewJobView.swift */,
				81F66E532A0B7532000EBE48 /* NewResumeView.swift */,
				81F66E552A0B754B000EBE48 /* ResumeTemplateView.swift */,
				81F66E572A0B7564000EBE48 /* ResumeView.swift */,
				81F66E592A0B757C000EBE48 /* TagView.swift */,
			);
			path = Views;
			sourceTree = "<group>";
		};
/* End PBXGroup section */

/* Begin PBXNativeTarget section */
		81F66E292A0B738C000EBE48 /* JobTracker */ = {
			isa = PBXNativeTarget;
			buildConfigurationList = 81F66E382A0B738D000EBE48 /* Build configuration list for PBXNativeTarget "JobTracker" */;
			buildPhases = (
				81F66E262A0B738C000EBE48 /* Sources */,
				81F66E272A0B738C000EBE48 /* Frameworks */,
				81F66E282A0B738C000EBE48 /* Resources */,
			);
			buildRules = (
			);
			dependencies = (
			);
			name = JobTracker;
			productName = JobTracker;
			productReference = 81F66E2A2A0B738C000EBE48 /* JobTracker.app */;
			productType = "com.apple.product-type.application";
		};
/* End PBXNativeTarget section */

/* Begin PBXProject section */
		81F66E222A0B738C000EBE48 /* Project object */ = {
			isa = PBXProject;
			attributes = {
				BuildIndependentTargetsInParallel = 1;
				LastSwiftUpdateCheck = 1430;
				LastUpgradeCheck = 1430;
				TargetAttributes = {
					81F66E292A0B738C000EBE48 = {
						CreatedOnToolsVersion = 14.3;
					};
				};
			};
			buildConfigurationList = 81F66E252A0B738C000EBE48 /* Build configuration list for PBXProject "JobTracker" */;
			compatibilityVersion = "Xcode 14.0";
			developmentRegion = en;
			hasScannedForEncodings = 0;
			knownRegions = (
				en,
				Base,
			);
			mainGroup = 81F66E212A0B738C000EBE48;
			productRefGroup = 81F66E2B2A0B738C000EBE48 /* Products */;
			projectDirPath = "";
			projectRoot = "";
			targets = (
				81F66E292A0B738C000EBE48 /* JobTracker */,
			);
		};
/* End PBXProject section */

/* Begin PBXResourcesBuildPhase section */
		81F66E282A0B738C000EBE48 /* Resources */ = {
			isa = PBXResourcesBuildPhase;
			buildActionMask = 2147483647;
			files = (
				81F66E352A0B738D000EBE48 /* Preview Assets.xcassets in Resources */,
				81F66E322A0B738D000EBE48 /* Assets.xcassets in Resources */,
			);
			runOnlyForDeploymentPostprocessing = 0;
		};
/* End PBXResourcesBuildPhase section */

/* Begin PBXSourcesBuildPhase section */
		81F66E262A0B738C000EBE48 /* Sources */ = {
			isa = PBXSourcesBuildPhase;
			buildActionMask = 2147483647;
			files = (
				81F66E4C2A0B74DB000EBE48 /* JobEditView.swift in Sources */,
				81F66E542A0B7532000EBE48 /* NewResumeView.swift in Sources */,
				81F66E492A0B74BE000EBE48 /* JobsViewModel.swift in Sources */,
				81F66E302A0B738C000EBE48 /* ContentView.swift in Sources */,
				81F66E522A0B751D000EBE48 /* NewJobView.swift in Sources */,
				81F66E2E2A0B738C000EBE48 /* JobTrackerApp.swift in Sources */,
				81F66E3D2A0B73D8000EBE48 /* ColorExtensions.swift in Sources */,
				81F66E462A0B74A1000EBE48 /* Resume.swift in Sources */,
				81F66E3F2A0B73F0000EBE48 /* ViewModifiers.swift in Sources */,
				81F66E4E2A0B74EF000EBE48 /* JobProgressView.swift in Sources */,
				81F66E502A0B7504000EBE48 /* ListView.swift in Sources */,
				81F66E6D2A0BC0F1000EBE48 /* Job.swift in Sources */,
				81F66E562A0B754B000EBE48 /* ResumeTemplateView.swift in Sources */,
				81F66E442A0B7485000EBE48 /* JobProgress.swift in Sources */,
				81F66E582A0B7564000EBE48 /* ResumeView.swift in Sources */,
				81F66E5A2A0B757C000EBE48 /* TagView.swift in Sources */,
			);
			runOnlyForDeploymentPostprocessing = 0;
		};
/* End PBXSourcesBuildPhase section */

/* Begin XCBuildConfiguration section */
		81F66E362A0B738D000EBE48 /* Debug */ = {
			isa = XCBuildConfiguration;
			buildSettings = {
				ALWAYS_SEARCH_USER_PATHS = NO;
				CLANG_ANALYZER_NONNULL = YES;
				CLANG_ANALYZER_NUMBER_OBJECT_CONVERSION = YES_AGGRESSIVE;
				CLANG_CXX_LANGUAGE_STANDARD = "gnu++20";
				CLANG_ENABLE_MODULES = YES;
				CLANG_ENABLE_OBJC_ARC = YES;
				CLANG_ENABLE_OBJC_WEAK = YES;
				CLANG_WARN_BLOCK_CAPTURE_AUTORELEASING = YES;
				CLANG_WARN_BOOL_CONVERSION = YES;
				CLANG_WARN_COMMA = YES;
				CLANG_WARN_CONSTANT_CONVERSION = YES;
				CLANG_WARN_DEPRECATED_OBJC_IMPLEMENTATIONS = YES;
				CLANG_WARN_DIRECT_OBJC_ISA_USAGE = YES_ERROR;
				CLANG_WARN_DOCUMENTATION_COMMENTS = YES;
				CLANG_WARN_EMPTY_BODY = YES;
				CLANG_WARN_ENUM_CONVERSION = YES;
				CLANG_WARN_INFINITE_RECURSION = YES;
				CLANG_WARN_INT_CONVERSION = YES;
				CLANG_WARN_NON_LITERAL_NULL_CONVERSION = YES;
				CLANG_WARN_OBJC_IMPLICIT_RETAIN_SELF = YES;
				CLANG_WARN_OBJC_LITERAL_CONVERSION = YES;
				CLANG_WARN_OBJC_ROOT_CLASS = YES_ERROR;
				CLANG_WARN_QUOTED_INCLUDE_IN_FRAMEWORK_HEADER = YES;
				CLANG_WARN_RANGE_LOOP_ANALYSIS = YES;
				CLANG_WARN_STRICT_PROTOTYPES = YES;
				CLANG_WARN_SUSPICIOUS_MOVE = YES;
				CLANG_WARN_UNGUARDED_AVAILABILITY = YES_AGGRESSIVE;
				CLANG_WARN_UNREACHABLE_CODE = YES;
				CLANG_WARN__DUPLICATE_METHOD_MATCH = YES;
				COPY_PHASE_STRIP = NO;
				DEBUG_INFORMATION_FORMAT = dwarf;
				ENABLE_STRICT_OBJC_MSGSEND = YES;
				ENABLE_TESTABILITY = YES;
				GCC_C_LANGUAGE_STANDARD = gnu11;
				GCC_DYNAMIC_NO_PIC = NO;
				GCC_NO_COMMON_BLOCKS = YES;
				GCC_OPTIMIZATION_LEVEL = 0;
				GCC_PREPROCESSOR_DEFINITIONS = (
					"DEBUG=1",
					"$(inherited)",
				);
				GCC_WARN_64_TO_32_BIT_CONVERSION = YES;
				GCC_WARN_ABOUT_RETURN_TYPE = YES_ERROR;
				GCC_WARN_UNDECLARED_SELECTOR = YES;
				GCC_WARN_UNINITIALIZED_AUTOS = YES_AGGRESSIVE;
				GCC_WARN_UNUSED_FUNCTION = YES;
				GCC_WARN_UNUSED_VARIABLE = YES;
				IPHONEOS_DEPLOYMENT_TARGET = 16.4;
				MTL_ENABLE_DEBUG_INFO = INCLUDE_SOURCE;
				MTL_FAST_MATH = YES;
				ONLY_ACTIVE_ARCH = YES;
				SDKROOT = iphoneos;
				SWIFT_ACTIVE_COMPILATION_CONDITIONS = DEBUG;
				SWIFT_OPTIMIZATION_LEVEL = "-Onone";
			};
			name = Debug;
		};
		81F66E372A0B738D000EBE48 /* Release */ = {
			isa = XCBuildConfiguration;
			buildSettings = {
				ALWAYS_SEARCH_USER_PATHS = NO;
				CLANG_ANALYZER_NONNULL = YES;
				CLANG_ANALYZER_NUMBER_OBJECT_CONVERSION = YES_AGGRESSIVE;
				CLANG_CXX_LANGUAGE_STANDARD = "gnu++20";
				CLANG_ENABLE_MODULES = YES;
				CLANG_ENABLE_OBJC_ARC = YES;
				CLANG_ENABLE_OBJC_WEAK = YES;
				CLANG_WARN_BLOCK_CAPTURE_AUTORELEASING = YES;
				CLANG_WARN_BOOL_CONVERSION = YES;
				CLANG_WARN_COMMA = YES;
				CLANG_WARN_CONSTANT_CONVERSION = YES;
				CLANG_WARN_DEPRECATED_OBJC_IMPLEMENTATIONS = YES;
				CLANG_WARN_DIRECT_OBJC_ISA_USAGE = YES_ERROR;
				CLANG_WARN_DOCUMENTATION_COMMENTS = YES;
				CLANG_WARN_EMPTY_BODY = YES;
				CLANG_WARN_ENUM_CONVERSION = YES;
				CLANG_WARN_INFINITE_RECURSION = YES;
				CLANG_WARN_INT_CONVERSION = YES;
				CLANG_WARN_NON_LITERAL_NULL_CONVERSION = YES;
				CLANG_WARN_OBJC_IMPLICIT_RETAIN_SELF = YES;
				CLANG_WARN_OBJC_LITERAL_CONVERSION = YES;
				CLANG_WARN_OBJC_ROOT_CLASS = YES_ERROR;
				CLANG_WARN_QUOTED_INCLUDE_IN_FRAMEWORK_HEADER = YES;
				CLANG_WARN_RANGE_LOOP_ANALYSIS = YES;
				CLANG_WARN_STRICT_PROTOTYPES = YES;
				CLANG_WARN_SUSPICIOUS_MOVE = YES;
				CLANG_WARN_UNGUARDED_AVAILABILITY = YES_AGGRESSIVE;
				CLANG_WARN_UNREACHABLE_CODE = YES;
				CLANG_WARN__DUPLICATE_METHOD_MATCH = YES;
				COPY_PHASE_STRIP = NO;
				DEBUG_INFORMATION_FORMAT = "dwarf-with-dsym";
				ENABLE_NS_ASSERTIONS = NO;
				ENABLE_STRICT_OBJC_MSGSEND = YES;
				GCC_C_LANGUAGE_STANDARD = gnu11;
				GCC_NO_COMMON_BLOCKS = YES;
				GCC_WARN_64_TO_32_BIT_CONVERSION = YES;
				GCC_WARN_ABOUT_RETURN_TYPE = YES_ERROR;
				GCC_WARN_UNDECLARED_SELECTOR = YES;
				GCC_WARN_UNINITIALIZED_AUTOS = YES_AGGRESSIVE;
				GCC_WARN_UNUSED_FUNCTION = YES;
				GCC_WARN_UNUSED_VARIABLE = YES;
				IPHONEOS_DEPLOYMENT_TARGET = 16.4;
				MTL_ENABLE_DEBUG_INFO = NO;
				MTL_FAST_MATH = YES;
				SDKROOT = iphoneos;
				SWIFT_COMPILATION_MODE = wholemodule;
				SWIFT_OPTIMIZATION_LEVEL = "-O";
				VALIDATE_PRODUCT = YES;
			};
			name = Release;
		};
		81F66E392A0B738D000EBE48 /* Debug */ = {
			isa = XCBuildConfiguration;
			buildSettings = {
				ASSETCATALOG_COMPILER_APPICON_NAME = AppIcon;
				ASSETCATALOG_COMPILER_GLOBAL_ACCENT_COLOR_NAME = AccentColor;
				CODE_SIGN_STYLE = Automatic;
				CURRENT_PROJECT_VERSION = 1;
				DEVELOPMENT_ASSET_PATHS = "\"JobTracker/Preview Content\"";
				DEVELOPMENT_TEAM = W263X7CLZB;
				ENABLE_PREVIEWS = YES;
				GENERATE_INFOPLIST_FILE = YES;
				INFOPLIST_KEY_UIApplicationSceneManifest_Generation = YES;
				INFOPLIST_KEY_UIApplicationSupportsIndirectInputEvents = YES;
				INFOPLIST_KEY_UILaunchScreen_Generation = YES;
				INFOPLIST_KEY_UISupportedInterfaceOrientations_iPad = "UIInterfaceOrientationPortrait UIInterfaceOrientationPortraitUpsideDown UIInterfaceOrientationLandscapeLeft UIInterfaceOrientationLandscapeRight";
				INFOPLIST_KEY_UISupportedInterfaceOrientations_iPhone = "UIInterfaceOrientationPortrait UIInterfaceOrientationLandscapeLeft UIInterfaceOrientationLandscapeRight";
				LD_RUNPATH_SEARCH_PATHS = (
					"$(inherited)",
					"@executable_path/Frameworks",
				);
				MARKETING_VERSION = 1.0;
				PRODUCT_BUNDLE_IDENTIFIER = com.tommiller.JobTracker;
				PRODUCT_NAME = "$(TARGET_NAME)";
				SWIFT_EMIT_LOC_STRINGS = YES;
				SWIFT_VERSION = 5.0;
				TARGETED_DEVICE_FAMILY = "1,2";
			};
			name = Debug;
		};
		81F66E3A2A0B738D000EBE48 /* Release */ = {
			isa = XCBuildConfiguration;
			buildSettings = {
				ASSETCATALOG_COMPILER_APPICON_NAME = AppIcon;
				ASSETCATALOG_COMPILER_GLOBAL_ACCENT_COLOR_NAME = AccentColor;
				CODE_SIGN_STYLE = Automatic;
				CURRENT_PROJECT_VERSION = 1;
				DEVELOPMENT_ASSET_PATHS = "\"JobTracker/Preview Content\"";
				DEVELOPMENT_TEAM = W263X7CLZB;
				ENABLE_PREVIEWS = YES;
				GENERATE_INFOPLIST_FILE = YES;
				INFOPLIST_KEY_UIApplicationSceneManifest_Generation = YES;
				INFOPLIST_KEY_UIApplicationSupportsIndirectInputEvents = YES;
				INFOPLIST_KEY_UILaunchScreen_Generation = YES;
				INFOPLIST_KEY_UISupportedInterfaceOrientations_iPad = "UIInterfaceOrientationPortrait UIInterfaceOrientationPortraitUpsideDown UIInterfaceOrientationLandscapeLeft UIInterfaceOrientationLandscapeRight";
				INFOPLIST_KEY_UISupportedInterfaceOrientations_iPhone = "UIInterfaceOrientationPortrait UIInterfaceOrientationLandscapeLeft UIInterfaceOrientationLandscapeRight";
				LD_RUNPATH_SEARCH_PATHS = (
					"$(inherited)",
					"@executable_path/Frameworks",
				);
				MARKETING_VERSION = 1.0;
				PRODUCT_BUNDLE_IDENTIFIER = com.tommiller.JobTracker;
				PRODUCT_NAME = "$(TARGET_NAME)";
				SWIFT_EMIT_LOC_STRINGS = YES;
				SWIFT_VERSION = 5.0;
				TARGETED_DEVICE_FAMILY = "1,2";
			};
			name = Release;
		};
/* End XCBuildConfiguration section */

/* Begin XCConfigurationList section */
		81F66E252A0B738C000EBE48 /* Build configuration list for PBXProject "JobTracker" */ = {
			isa = XCConfigurationList;
			buildConfigurations = (
				81F66E362A0B738D000EBE48 /* Debug */,
				81F66E372A0B738D000EBE48 /* Release */,
			);
			defaultConfigurationIsVisible = 0;
			defaultConfigurationName = Release;
		};
		81F66E382A0B738D000EBE48 /* Build configuration list for PBXNativeTarget "JobTracker" */ = {
			isa = XCConfigurationList;
			buildConfigurations = (
				81F66E392A0B738D000EBE48 /* Debug */,
				81F66E3A2A0B738D000EBE48 /* Release */,
			);
			defaultConfigurationIsVisible = 0;
			defaultConfigurationName = Release;
		};
/* End XCConfigurationList section */
	};
	rootObject = 81F66E222A0B738C000EBE48 /* Project object */;
}
